
Microsoft Visual Studio Solution File, Format Version 12.00
# Visual Studio Version 17
VisualStudioVersion = 17.6.33723.286
MinimumVisualStudioVersion = 10.0.40219.1
Project("{FAE04EC0-301F-11D3-BF4B-00C04F79EFBC}") = "Teatr", "Teatr.csproj", "{AC205B24-2196-4D16-A3A6-5FCC5324F84B}"
EndProject
Global
	GlobalSection(SolutionConfigurationPlatforms) = preSolution
		Debug|Any CPU = Debug|Any CPU
		Release|Any CPU = Release|Any CPU
	EndGlobalSection
	GlobalSection(ProjectConfigurationPlatforms) = postSolution
		{AC205B24-2196-4D16-A3A6-5FCC5324F84B}.Debug|Any CPU.ActiveCfg = Debug|Any CPU
		{AC205B24-2196-4D16-A3A6-5FCC5324F84B}.Debug|Any CPU.Build.0 = Debug|Any CPU
		{AC205B24-2196-4D16-A3A6-5FCC5324F84B}.Release|Any CPU.ActiveCfg = Release|Any CPU
		{AC205B24-2196-4D16-A3A6-5FCC5324F84B}.Release|Any CPU.Build.0 = Release|Any CPU
	EndGlobalSection
	GlobalSection(SolutionProperties) = preSolution
		HideSolutionNode = FALSE
	EndGlobalSection
	GlobalSection(ExtensibilityGlobals) = postSolution
		SolutionGuid = {66F039D6-1090-4647-AA96-9027102A5141}
	EndGlobalSection
EndGlobal
